
Microsoft Visual Studio Solution File, Format Version 12.00
# Visual Studio Version 17
VisualStudioVersion = 17.4.33213.308
MinimumVisualStudioVersion = 10.0.40219.1
Project("{FAE04EC0-301F-11D3-BF4B-00C04F79EFBC}") = "CurrencyConverterMahApps", "CurrencyConverterMahApps.csproj", "{AC8122D0-6018-43F1-A478-705AF0113C30}"
EndProject
Global
	GlobalSection(SolutionConfigurationPlatforms) = preSolution
		Debug|Any CPU = Debug|Any CPU
		Release|Any CPU = Release|Any CPU
	EndGlobalSection
	GlobalSection(ProjectConfigurationPlatforms) = postSolution
		{AC8122D0-6018-43F1-A478-705AF0113C30}.Debug|Any CPU.ActiveCfg = Debug|Any CPU
		{AC8122D0-6018-43F1-A478-705AF0113C30}.Debug|Any CPU.Build.0 = Debug|Any CPU
		{AC8122D0-6018-43F1-A478-705AF0113C30}.Release|Any CPU.ActiveCfg = Release|Any CPU
		{AC8122D0-6018-43F1-A478-705AF0113C30}.Release|Any CPU.Build.0 = Release|Any CPU
	EndGlobalSection
	GlobalSection(SolutionProperties) = preSolution
		HideSolutionNode = FALSE
	EndGlobalSection
	GlobalSection(ExtensibilityGlobals) = postSolution
		SolutionGuid = {3DFAE887-AC93-42CC-A600-44B4E8F9A708}
	EndGlobalSection
EndGlobal
